
Microsoft Visual Studio Solution File, Format Version 12.00
# Visual Studio Version 17
VisualStudioVersion = 17.10.34916.146
MinimumVisualStudioVersion = 10.0.40219.1
Project("{FAE04EC0-301F-11D3-BF4B-00C04F79EFBC}") = "HealthChatBox", "HealthChatBox.csproj", "{9D1EB8E5-6FA3-4445-8AE0-6162156D3C19}"
EndProject
Global
	GlobalSection(SolutionConfigurationPlatforms) = preSolution
		Debug|Any CPU = Debug|Any CPU
		Release|Any CPU = Release|Any CPU
	EndGlobalSection
	GlobalSection(ProjectConfigurationPlatforms) = postSolution
		{9D1EB8E5-6FA3-4445-8AE0-6162156D3C19}.Debug|Any CPU.ActiveCfg = Debug|Any CPU
		{9D1EB8E5-6FA3-4445-8AE0-6162156D3C19}.Debug|Any CPU.Build.0 = Debug|Any CPU
		{9D1EB8E5-6FA3-4445-8AE0-6162156D3C19}.Release|Any CPU.ActiveCfg = Release|Any CPU
		{9D1EB8E5-6FA3-4445-8AE0-6162156D3C19}.Release|Any CPU.Build.0 = Release|Any CPU
	EndGlobalSection
	GlobalSection(SolutionProperties) = preSolution
		HideSolutionNode = FALSE
	EndGlobalSection
	GlobalSection(ExtensibilityGlobals) = postSolution
		SolutionGuid = {9FEC11E2-D4F5-4A9B-859D-4B51C075E225}
	EndGlobalSection
EndGlobal
